
Microsoft Visual Studio Solution File, Format Version 12.00
# Visual Studio Version 16
VisualStudioVersion = 16.0.34114.132
MinimumVisualStudioVersion = 10.0.40219.1
Project("{9092AA53-FB77-4645-B42D-1CCCA6BD08BD}") = "NodejsConsoleApp1", "NodejsConsoleApp1\NodejsConsoleApp1.njsproj", "{E499EBF2-3C5F-4431-8C9B-9F2D3FBE29C9}"
EndProject
Global
	GlobalSection(SolutionConfigurationPlatforms) = preSolution
		Debug|Any CPU = Debug|Any CPU
		Release|Any CPU = Release|Any CPU
	EndGlobalSection
	GlobalSection(ProjectConfigurationPlatforms) = postSolution
		{E499EBF2-3C5F-4431-8C9B-9F2D3FBE29C9}.Debug|Any CPU.ActiveCfg = Debug|Any CPU
		{E499EBF2-3C5F-4431-8C9B-9F2D3FBE29C9}.Debug|Any CPU.Build.0 = Debug|Any CPU
		{E499EBF2-3C5F-4431-8C9B-9F2D3FBE29C9}.Release|Any CPU.ActiveCfg = Release|Any CPU
		{E499EBF2-3C5F-4431-8C9B-9F2D3FBE29C9}.Release|Any CPU.Build.0 = Release|Any CPU
	EndGlobalSection
	GlobalSection(SolutionProperties) = preSolution
		HideSolutionNode = FALSE
	EndGlobalSection
	GlobalSection(ExtensibilityGlobals) = postSolution
		SolutionGuid = {439AAD2E-78A1-4CA4-90F0-82B324E47399}
	EndGlobalSection
EndGlobal
